
Microsoft Visual Studio Solution File, Format Version 12.00
Project("{2150E333-8FDC-42A3-9474-1A3956D46DE8}") = "BookingService", "BookingService", "{373E20A2-713F-382D-A1E8-5C956ABCE3C1}"
EndProject
Project("{FAE04EC0-301F-11D3-BF4B-00C04F79EFBC}") = "Presentation", "BookingService\Presentation\Presentation.csproj", "{755A4B07-2F8D-4C1D-88F9-B41CFBC82AA9}"
EndProject
Project("{FAE04EC0-301F-11D3-BF4B-00C04F79EFBC}") = "Application", "BookingService\Application\Application.csproj", "{EC7A264A-3F23-41CE-B83A-9080A6924B33}"
EndProject
Project("{FAE04EC0-301F-11D3-BF4B-00C04F79EFBC}") = "Domain", "BookingService\Domain\Domain.csproj", "{5C8AA710-DC35-4599-AE4E-50F80B66CF6B}"
EndProject
Project("{FAE04EC0-301F-11D3-BF4B-00C04F79EFBC}") = "Infrastructure", "BookingService\Infrastructure\Infrastructure.csproj", "{944F57B0-B38F-42CE-9DD6-A849C3908C11}"
EndProject
Project("{2150E333-8FDC-42A3-9474-1A3956D46DE8}") = "PaymentService", "PaymentService", "{48460FD3-DC9E-48E4-A9F7-AD37C8910F48}"
EndProject
Project("{FAE04EC0-301F-11D3-BF4B-00C04F79EFBC}") = "Domain", "PaymentService\Domain\Domain.csproj", "{5CF4FA5C-79B3-4435-B467-C1A674F9180D}"
EndProject
Project("{2150E333-8FDC-42A3-9474-1A3956D46DE8}") = "Solution Items", "Solution Items", "{6A0F1FED-B136-4B47-BF8A-957ED28AD359}"
	ProjectSection(SolutionItems) = preProject
		compose.yaml = compose.yaml
	EndProjectSection
EndProject
Project("{FAE04EC0-301F-11D3-BF4B-00C04F79EFBC}") = "Application", "PaymentService\Application\Application.csproj", "{EDF4CC5B-83DF-41BE-A7AE-028EC70ED018}"
EndProject
Project("{FAE04EC0-301F-11D3-BF4B-00C04F79EFBC}") = "Infrastructure", "PaymentService\Infrastructure\Infrastructure.csproj", "{D704DC57-C297-4B11-89BC-81E6FB817C6B}"
EndProject
Project("{FAE04EC0-301F-11D3-BF4B-00C04F79EFBC}") = "Presentation", "PaymentService\Presentation\Presentation.csproj", "{6D828223-561D-4865-9693-9BDCFE4FC32A}"
EndProject
Global
	GlobalSection(SolutionConfigurationPlatforms) = preSolution
		Debug|Any CPU = Debug|Any CPU
		Debug|x64 = Debug|x64
		Debug|x86 = Debug|x86
		Release|Any CPU = Release|Any CPU
		Release|x64 = Release|x64
		Release|x86 = Release|x86
	EndGlobalSection
	GlobalSection(ProjectConfigurationPlatforms) = postSolution
		{755A4B07-2F8D-4C1D-88F9-B41CFBC82AA9}.Debug|Any CPU.ActiveCfg = Debug|Any CPU
		{755A4B07-2F8D-4C1D-88F9-B41CFBC82AA9}.Debug|Any CPU.Build.0 = Debug|Any CPU
		{755A4B07-2F8D-4C1D-88F9-B41CFBC82AA9}.Debug|x64.ActiveCfg = Debug|Any CPU
		{755A4B07-2F8D-4C1D-88F9-B41CFBC82AA9}.Debug|x64.Build.0 = Debug|Any CPU
		{755A4B07-2F8D-4C1D-88F9-B41CFBC82AA9}.Debug|x86.ActiveCfg = Debug|Any CPU
		{755A4B07-2F8D-4C1D-88F9-B41CFBC82AA9}.Debug|x86.Build.0 = Debug|Any CPU
		{755A4B07-2F8D-4C1D-88F9-B41CFBC82AA9}.Release|Any CPU.ActiveCfg = Release|Any CPU
		{755A4B07-2F8D-4C1D-88F9-B41CFBC82AA9}.Release|Any CPU.Build.0 = Release|Any CPU
		{755A4B07-2F8D-4C1D-88F9-B41CFBC82AA9}.Release|x64.ActiveCfg = Release|Any CPU
		{755A4B07-2F8D-4C1D-88F9-B41CFBC82AA9}.Release|x64.Build.0 = Release|Any CPU
		{755A4B07-2F8D-4C1D-88F9-B41CFBC82AA9}.Release|x86.ActiveCfg = Release|Any CPU
		{755A4B07-2F8D-4C1D-88F9-B41CFBC82AA9}.Release|x86.Build.0 = Release|Any CPU
		{EC7A264A-3F23-41CE-B83A-9080A6924B33}.Debug|Any CPU.ActiveCfg = Debug|Any CPU
		{EC7A264A-3F23-41CE-B83A-9080A6924B33}.Debug|Any CPU.Build.0 = Debug|Any CPU
		{EC7A264A-3F23-41CE-B83A-9080A6924B33}.Debug|x64.ActiveCfg = Debug|Any CPU
		{EC7A264A-3F23-41CE-B83A-9080A6924B33}.Debug|x64.Build.0 = Debug|Any CPU
		{EC7A264A-3F23-41CE-B83A-9080A6924B33}.Debug|x86.ActiveCfg = Debug|Any CPU
		{EC7A264A-3F23-41CE-B83A-9080A6924B33}.Debug|x86.Build.0 = Debug|Any CPU
		{EC7A264A-3F23-41CE-B83A-9080A6924B33}.Release|Any CPU.ActiveCfg = Release|Any CPU
		{EC7A264A-3F23-41CE-B83A-9080A6924B33}.Release|Any CPU.Build.0 = Release|Any CPU
		{EC7A264A-3F23-41CE-B83A-9080A6924B33}.Release|x64.ActiveCfg = Release|Any CPU
		{EC7A264A-3F23-41CE-B83A-9080A6924B33}.Release|x64.Build.0 = Release|Any CPU
		{EC7A264A-3F23-41CE-B83A-9080A6924B33}.Release|x86.ActiveCfg = Release|Any CPU
		{EC7A264A-3F23-41CE-B83A-9080A6924B33}.Release|x86.Build.0 = Release|Any CPU
		{5C8AA710-DC35-4599-AE4E-50F80B66CF6B}.Debug|Any CPU.ActiveCfg = Debug|Any CPU
		{5C8AA710-DC35-4599-AE4E-50F80B66CF6B}.Debug|Any CPU.Build.0 = Debug|Any CPU
		{5C8AA710-DC35-4599-AE4E-50F80B66CF6B}.Debug|x64.ActiveCfg = Debug|Any CPU
		{5C8AA710-DC35-4599-AE4E-50F80B66CF6B}.Debug|x64.Build.0 = Debug|Any CPU
		{5C8AA710-DC35-4599-AE4E-50F80B66CF6B}.Debug|x86.ActiveCfg = Debug|Any CPU
		{5C8AA710-DC35-4599-AE4E-50F80B66CF6B}.Debug|x86.Build.0 = Debug|Any CPU
		{5C8AA710-DC35-4599-AE4E-50F80B66CF6B}.Release|Any CPU.ActiveCfg = Release|Any CPU
		{5C8AA710-DC35-4599-AE4E-50F80B66CF6B}.Release|Any CPU.Build.0 = Release|Any CPU
		{5C8AA710-DC35-4599-AE4E-50F80B66CF6B}.Release|x64.ActiveCfg = Release|Any CPU
		{5C8AA710-DC35-4599-AE4E-50F80B66CF6B}.Release|x64.Build.0 = Release|Any CPU
		{5C8AA710-DC35-4599-AE4E-50F80B66CF6B}.Release|x86.ActiveCfg = Release|Any CPU
		{5C8AA710-DC35-4599-AE4E-50F80B66CF6B}.Release|x86.Build.0 = Release|Any CPU
		{944F57B0-B38F-42CE-9DD6-A849C3908C11}.Debug|Any CPU.ActiveCfg = Debug|Any CPU
		{944F57B0-B38F-42CE-9DD6-A849C3908C11}.Debug|Any CPU.Build.0 = Debug|Any CPU
		{944F57B0-B38F-42CE-9DD6-A849C3908C11}.Debug|x64.ActiveCfg = Debug|Any CPU
		{944F57B0-B38F-42CE-9DD6-A849C3908C11}.Debug|x64.Build.0 = Debug|Any CPU
		{944F57B0-B38F-42CE-9DD6-A849C3908C11}.Debug|x86.ActiveCfg = Debug|Any CPU
		{944F57B0-B38F-42CE-9DD6-A849C3908C11}.Debug|x86.Build.0 = Debug|Any CPU
		{944F57B0-B38F-42CE-9DD6-A849C3908C11}.Release|Any CPU.ActiveCfg = Release|Any CPU
		{944F57B0-B38F-42CE-9DD6-A849C3908C11}.Release|Any CPU.Build.0 = Release|Any CPU
		{944F57B0-B38F-42CE-9DD6-A849C3908C11}.Release|x64.ActiveCfg = Release|Any CPU
		{944F57B0-B38F-42CE-9DD6-A849C3908C11}.Release|x64.Build.0 = Release|Any CPU
		{944F57B0-B38F-42CE-9DD6-A849C3908C11}.Release|x86.ActiveCfg = Release|Any CPU
		{944F57B0-B38F-42CE-9DD6-A849C3908C11}.Release|x86.Build.0 = Release|Any CPU
		{5CF4FA5C-79B3-4435-B467-C1A674F9180D}.Debug|Any CPU.ActiveCfg = Debug|Any CPU
		{5CF4FA5C-79B3-4435-B467-C1A674F9180D}.Debug|Any CPU.Build.0 = Debug|Any CPU
		{5CF4FA5C-79B3-4435-B467-C1A674F9180D}.Debug|x64.ActiveCfg = Debug|Any CPU
		{5CF4FA5C-79B3-4435-B467-C1A674F9180D}.Debug|x64.Build.0 = Debug|Any CPU
		{5CF4FA5C-79B3-4435-B467-C1A674F9180D}.Debug|x86.ActiveCfg = Debug|Any CPU
		{5CF4FA5C-79B3-4435-B467-C1A674F9180D}.Debug|x86.Build.0 = Debug|Any CPU
		{5CF4FA5C-79B3-4435-B467-C1A674F9180D}.Release|Any CPU.ActiveCfg = Release|Any CPU
		{5CF4FA5C-79B3-4435-B467-C1A674F9180D}.Release|Any CPU.Build.0 = Release|Any CPU
		{5CF4FA5C-79B3-4435-B467-C1A674F9180D}.Release|x64.ActiveCfg = Release|Any CPU
		{5CF4FA5C-79B3-4435-B467-C1A674F9180D}.Release|x64.Build.0 = Release|Any CPU
		{5CF4FA5C-79B3-4435-B467-C1A674F9180D}.Release|x86.ActiveCfg = Release|Any CPU
		{5CF4FA5C-79B3-4435-B467-C1A674F9180D}.Release|x86.Build.0 = Release|Any CPU
		{EDF4CC5B-83DF-41BE-A7AE-028EC70ED018}.Debug|Any CPU.ActiveCfg = Debug|Any CPU
		{EDF4CC5B-83DF-41BE-A7AE-028EC70ED018}.Debug|Any CPU.Build.0 = Debug|Any CPU
		{EDF4CC5B-83DF-41BE-A7AE-028EC70ED018}.Debug|x64.ActiveCfg = Debug|Any CPU
		{EDF4CC5B-83DF-41BE-A7AE-028EC70ED018}.Debug|x64.Build.0 = Debug|Any CPU
		{EDF4CC5B-83DF-41BE-A7AE-028EC70ED018}.Debug|x86.ActiveCfg = Debug|Any CPU
		{EDF4CC5B-83DF-41BE-A7AE-028EC70ED018}.Debug|x86.Build.0 = Debug|Any CPU
		{EDF4CC5B-83DF-41BE-A7AE-028EC70ED018}.Release|Any CPU.ActiveCfg = Release|Any CPU
		{EDF4CC5B-83DF-41BE-A7AE-028EC70ED018}.Release|Any CPU.Build.0 = Release|Any CPU
		{EDF4CC5B-83DF-41BE-A7AE-028EC70ED018}.Release|x64.ActiveCfg = Release|Any CPU
		{EDF4CC5B-83DF-41BE-A7AE-028EC70ED018}.Release|x64.Build.0 = Release|Any CPU
		{EDF4CC5B-83DF-41BE-A7AE-028EC70ED018}.Release|x86.ActiveCfg = Release|Any CPU
		{EDF4CC5B-83DF-41BE-A7AE-028EC70ED018}.Release|x86.Build.0 = Release|Any CPU
		{D704DC57-C297-4B11-89BC-81E6FB817C6B}.Debug|Any CPU.ActiveCfg = Debug|Any CPU
		{D704DC57-C297-4B11-89BC-81E6FB817C6B}.Debug|Any CPU.Build.0 = Debug|Any CPU
		{D704DC57-C297-4B11-89BC-81E6FB817C6B}.Debug|x64.ActiveCfg = Debug|Any CPU
		{D704DC57-C297-4B11-89BC-81E6FB817C6B}.Debug|x64.Build.0 = Debug|Any CPU
		{D704DC57-C297-4B11-89BC-81E6FB817C6B}.Debug|x86.ActiveCfg = Debug|Any CPU
		{D704DC57-C297-4B11-89BC-81E6FB817C6B}.Debug|x86.Build.0 = Debug|Any CPU
		{D704DC57-C297-4B11-89BC-81E6FB817C6B}.Release|Any CPU.ActiveCfg = Release|Any CPU
		{D704DC57-C297-4B11-89BC-81E6FB817C6B}.Release|Any CPU.Build.0 = Release|Any CPU
		{D704DC57-C297-4B11-89BC-81E6FB817C6B}.Release|x64.ActiveCfg = Release|Any CPU
		{D704DC57-C297-4B11-89BC-81E6FB817C6B}.Release|x64.Build.0 = Release|Any CPU
		{D704DC57-C297-4B11-89BC-81E6FB817C6B}.Release|x86.ActiveCfg = Release|Any CPU
		{D704DC57-C297-4B11-89BC-81E6FB817C6B}.Release|x86.Build.0 = Release|Any CPU
		{6D828223-561D-4865-9693-9BDCFE4FC32A}.Debug|Any CPU.ActiveCfg = Debug|Any CPU
		{6D828223-561D-4865-9693-9BDCFE4FC32A}.Debug|Any CPU.Build.0 = Debug|Any CPU
		{6D828223-561D-4865-9693-9BDCFE4FC32A}.Debug|x64.ActiveCfg = Debug|Any CPU
		{6D828223-561D-4865-9693-9BDCFE4FC32A}.Debug|x64.Build.0 = Debug|Any CPU
		{6D828223-561D-4865-9693-9BDCFE4FC32A}.Debug|x86.ActiveCfg = Debug|Any CPU
		{6D828223-561D-4865-9693-9BDCFE4FC32A}.Debug|x86.Build.0 = Debug|Any CPU
		{6D828223-561D-4865-9693-9BDCFE4FC32A}.Release|Any CPU.ActiveCfg = Release|Any CPU
		{6D828223-561D-4865-9693-9BDCFE4FC32A}.Release|Any CPU.Build.0 = Release|Any CPU
		{6D828223-561D-4865-9693-9BDCFE4FC32A}.Release|x64.ActiveCfg = Release|Any CPU
		{6D828223-561D-4865-9693-9BDCFE4FC32A}.Release|x64.Build.0 = Release|Any CPU
		{6D828223-561D-4865-9693-9BDCFE4FC32A}.Release|x86.ActiveCfg = Release|Any CPU
		{6D828223-561D-4865-9693-9BDCFE4FC32A}.Release|x86.Build.0 = Release|Any CPU
	EndGlobalSection
	GlobalSection(SolutionProperties) = preSolution
		HideSolutionNode = FALSE
	EndGlobalSection
	GlobalSection(NestedProjects) = preSolution
		{755A4B07-2F8D-4C1D-88F9-B41CFBC82AA9} = {373E20A2-713F-382D-A1E8-5C956ABCE3C1}
		{EC7A264A-3F23-41CE-B83A-9080A6924B33} = {373E20A2-713F-382D-A1E8-5C956ABCE3C1}
		{5C8AA710-DC35-4599-AE4E-50F80B66CF6B} = {373E20A2-713F-382D-A1E8-5C956ABCE3C1}
		{944F57B0-B38F-42CE-9DD6-A849C3908C11} = {373E20A2-713F-382D-A1E8-5C956ABCE3C1}
		{5CF4FA5C-79B3-4435-B467-C1A674F9180D} = {48460FD3-DC9E-48E4-A9F7-AD37C8910F48}
		{EDF4CC5B-83DF-41BE-A7AE-028EC70ED018} = {48460FD3-DC9E-48E4-A9F7-AD37C8910F48}
		{D704DC57-C297-4B11-89BC-81E6FB817C6B} = {48460FD3-DC9E-48E4-A9F7-AD37C8910F48}
		{6D828223-561D-4865-9693-9BDCFE4FC32A} = {48460FD3-DC9E-48E4-A9F7-AD37C8910F48}
	EndGlobalSection
EndGlobal
